// !$*UTF8*$!
{
	archiveVersion = 1;
	classes = {
	};
	objectVersion = 56;
	objects = {

/* Begin PBXBuildFile section */
		C13982742AE5418500CE4ED1 /* BookListApp.swift in Sources */ = {isa = PBXBuildFile; fileRef = C13982732AE5418500CE4ED1 /* BookListApp.swift */; };
		C13982782AE5418700CE4ED1 /* Assets.xcassets in Resources */ = {isa = PBXBuildFile; fileRef = C13982772AE5418700CE4ED1 /* Assets.xcassets */; };
		C139827B2AE5418700CE4ED1 /* Preview Assets.xcassets in Resources */ = {isa = PBXBuildFile; fileRef = C139827A2AE5418700CE4ED1 /* Preview Assets.xcassets */; };
		C13982832AE541A100CE4ED1 /* BookListView.swift in Sources */ = {isa = PBXBuildFile; fileRef = C13982822AE541A100CE4ED1 /* BookListView.swift */; };
		C13982852AE544D300CE4ED1 /* BookListReducer.swift in Sources */ = {isa = PBXBuildFile; fileRef = C13982842AE544D300CE4ED1 /* BookListReducer.swift */; };
		C13982882AE544F800CE4ED1 /* ComposableArchitecture in Frameworks */ = {isa = PBXBuildFile; productRef = C13982872AE544F800CE4ED1 /* ComposableArchitecture */; };
		C139828C2AE5C77F00CE4ED1 /* Book.swift in Sources */ = {isa = PBXBuildFile; fileRef = C139828B2AE5C77F00CE4ED1 /* Book.swift */; };
		C139828F2AE5E2D900CE4ED1 /* BookDetailView.swift in Sources */ = {isa = PBXBuildFile; fileRef = C139828E2AE5E2D900CE4ED1 /* BookDetailView.swift */; };
		C13982912AE5E2E500CE4ED1 /* BookDetailReducer.swift in Sources */ = {isa = PBXBuildFile; fileRef = C13982902AE5E2E500CE4ED1 /* BookDetailReducer.swift */; };
		C13982932AE5E3D000CE4ED1 /* Character.swift in Sources */ = {isa = PBXBuildFile; fileRef = C13982922AE5E3D000CE4ED1 /* Character.swift */; };
		C13982952AE5E74E00CE4ED1 /* BookClient.swift in Sources */ = {isa = PBXBuildFile; fileRef = C13982942AE5E74E00CE4ED1 /* BookClient.swift */; };
/* End PBXBuildFile section */

/* Begin PBXFileReference section */
		C13982702AE5418500CE4ED1 /* BookListApp.app */ = {isa = PBXFileReference; explicitFileType = wrapper.application; includeInIndex = 0; path = BookListApp.app; sourceTree = BUILT_PRODUCTS_DIR; };
		C13982732AE5418500CE4ED1 /* BookListApp.swift */ = {isa = PBXFileReference; lastKnownFileType = sourcecode.swift; path = BookListApp.swift; sourceTree = "<group>"; };
		C13982772AE5418700CE4ED1 /* Assets.xcassets */ = {isa = PBXFileReference; lastKnownFileType = folder.assetcatalog; path = Assets.xcassets; sourceTree = "<group>"; };
		C139827A2AE5418700CE4ED1 /* Preview Assets.xcassets */ = {isa = PBXFileReference; lastKnownFileType = folder.assetcatalog; path = "Preview Assets.xcassets"; sourceTree = "<group>"; };
		C13982822AE541A100CE4ED1 /* BookListView.swift */ = {isa = PBXFileReference; lastKnownFileType = sourcecode.swift; path = BookListView.swift; sourceTree = "<group>"; };
		C13982842AE544D300CE4ED1 /* BookListReducer.swift */ = {isa = PBXFileReference; lastKnownFileType = sourcecode.swift; path = BookListReducer.swift; sourceTree = "<group>"; };
		C139828B2AE5C77F00CE4ED1 /* Book.swift */ = {isa = PBXFileReference; lastKnownFileType = sourcecode.swift; path = Book.swift; sourceTree = "<group>"; };
		C139828E2AE5E2D900CE4ED1 /* BookDetailView.swift */ = {isa = PBXFileReference; lastKnownFileType = sourcecode.swift; path = BookDetailView.swift; sourceTree = "<group>"; };
		C13982902AE5E2E500CE4ED1 /* BookDetailReducer.swift */ = {isa = PBXFileReference; lastKnownFileType = sourcecode.swift; path = BookDetailReducer.swift; sourceTree = "<group>"; };
		C13982922AE5E3D000CE4ED1 /* Character.swift */ = {isa = PBXFileReference; lastKnownFileType = sourcecode.swift; path = Character.swift; sourceTree = "<group>"; };
		C13982942AE5E74E00CE4ED1 /* BookClient.swift */ = {isa = PBXFileReference; lastKnownFileType = sourcecode.swift; path = BookClient.swift; sourceTree = "<group>"; };
/* End PBXFileReference section */

/* Begin PBXFrameworksBuildPhase section */
		C139826D2AE5418500CE4ED1 /* Frameworks */ = {
			isa = PBXFrameworksBuildPhase;
			buildActionMask = 2147483647;
			files = (
				C13982882AE544F800CE4ED1 /* ComposableArchitecture in Frameworks */,
			);
			runOnlyForDeploymentPostprocessing = 0;
		};
/* End PBXFrameworksBuildPhase section */

/* Begin PBXGroup section */
		C13982672AE5418500CE4ED1 = {
			isa = PBXGroup;
			children = (
				C13982722AE5418500CE4ED1 /* BookListApp */,
				C13982712AE5418500CE4ED1 /* Products */,
			);
			sourceTree = "<group>";
		};
		C13982712AE5418500CE4ED1 /* Products */ = {
			isa = PBXGroup;
			children = (
				C13982702AE5418500CE4ED1 /* BookListApp.app */,
			);
			name = Products;
			sourceTree = "<group>";
		};
		C13982722AE5418500CE4ED1 /* BookListApp */ = {
			isa = PBXGroup;
			children = (
				C139828D2AE5E2C900CE4ED1 /* BookDetailView */,
				C139828A2AE5C54C00CE4ED1 /* Data */,
				C13982892AE5C54500CE4ED1 /* NetworkClients */,
				C13982812AE5418A00CE4ED1 /* BookListView */,
				C13982732AE5418500CE4ED1 /* BookListApp.swift */,
				C13982772AE5418700CE4ED1 /* Assets.xcassets */,
				C13982792AE5418700CE4ED1 /* Preview Content */,
			);
			path = BookListApp;
			sourceTree = "<group>";
		};
		C13982792AE5418700CE4ED1 /* Preview Content */ = {
			isa = PBXGroup;
			children = (
				C139827A2AE5418700CE4ED1 /* Preview Assets.xcassets */,
			);
			path = "Preview Content";
			sourceTree = "<group>";
		};
		C13982812AE5418A00CE4ED1 /* BookListView */ = {
			isa = PBXGroup;
			children = (
				C13982822AE541A100CE4ED1 /* BookListView.swift */,
				C13982842AE544D300CE4ED1 /* BookListReducer.swift */,
			);
			path = BookListView;
			sourceTree = "<group>";
		};
		C13982892AE5C54500CE4ED1 /* NetworkClients */ = {
			isa = PBXGroup;
			children = (
				C13982942AE5E74E00CE4ED1 /* BookClient.swift */,
			);
			path = NetworkClients;
			sourceTree = "<group>";
		};
		C139828A2AE5C54C00CE4ED1 /* Data */ = {
			isa = PBXGroup;
			children = (
				C139828B2AE5C77F00CE4ED1 /* Book.swift */,
				C13982922AE5E3D000CE4ED1 /* Character.swift */,
			);
			path = Data;
			sourceTree = "<group>";
		};
		C139828D2AE5E2C900CE4ED1 /* BookDetailView */ = {
			isa = PBXGroup;
			children = (
				C139828E2AE5E2D900CE4ED1 /* BookDetailView.swift */,
				C13982902AE5E2E500CE4ED1 /* BookDetailReducer.swift */,
			);
			path = BookDetailView;
			sourceTree = "<group>";
		};
/* End PBXGroup section */

/* Begin PBXNativeTarget section */
		C139826F2AE5418500CE4ED1 /* BookListApp */ = {
			isa = PBXNativeTarget;
			buildConfigurationList = C139827E2AE5418700CE4ED1 /* Build configuration list for PBXNativeTarget "BookListApp" */;
			buildPhases = (
				C139826C2AE5418500CE4ED1 /* Sources */,
				C139826D2AE5418500CE4ED1 /* Frameworks */,
				C139826E2AE5418500CE4ED1 /* Resources */,
			);
			buildRules = (
			);
			dependencies = (
			);
			name = BookListApp;
			packageProductDependencies = (
				C13982872AE544F800CE4ED1 /* ComposableArchitecture */,
			);
			productName = BookListApp;
			productReference = C13982702AE5418500CE4ED1 /* BookListApp.app */;
			productType = "com.apple.product-type.application";
		};
/* End PBXNativeTarget section */

/* Begin PBXProject section */
		C13982682AE5418500CE4ED1 /* Project object */ = {
			isa = PBXProject;
			attributes = {
				BuildIndependentTargetsInParallel = 1;
				LastSwiftUpdateCheck = 1500;
				LastUpgradeCheck = 1500;
				TargetAttributes = {
					C139826F2AE5418500CE4ED1 = {
						CreatedOnToolsVersion = 15.0;
					};
				};
			};
			buildConfigurationList = C139826B2AE5418500CE4ED1 /* Build configuration list for PBXProject "BookListApp" */;
			compatibilityVersion = "Xcode 14.0";
			developmentRegion = en;
			hasScannedForEncodings = 0;
			knownRegions = (
				en,
				Base,
			);
			mainGroup = C13982672AE5418500CE4ED1;
			packageReferences = (
				C13982862AE544F800CE4ED1 /* XCRemoteSwiftPackageReference "swift-composable-architecture" */,
			);
			productRefGroup = C13982712AE5418500CE4ED1 /* Products */;
			projectDirPath = "";
			projectRoot = "";
			targets = (
				C139826F2AE5418500CE4ED1 /* BookListApp */,
			);
		};
/* End PBXProject section */

/* Begin PBXResourcesBuildPhase section */
		C139826E2AE5418500CE4ED1 /* Resources */ = {
			isa = PBXResourcesBuildPhase;
			buildActionMask = 2147483647;
			files = (
				C139827B2AE5418700CE4ED1 /* Preview Assets.xcassets in Resources */,
				C13982782AE5418700CE4ED1 /* Assets.xcassets in Resources */,
			);
			runOnlyForDeploymentPostprocessing = 0;
		};
/* End PBXResourcesBuildPhase section */

/* Begin PBXSourcesBuildPhase section */
		C139826C2AE5418500CE4ED1 /* Sources */ = {
			isa = PBXSourcesBuildPhase;
			buildActionMask = 2147483647;
			files = (
				C13982852AE544D300CE4ED1 /* BookListReducer.swift in Sources */,
				C13982912AE5E2E500CE4ED1 /* BookDetailReducer.swift in Sources */,
				C13982832AE541A100CE4ED1 /* BookListView.swift in Sources */,
				C139828C2AE5C77F00CE4ED1 /* Book.swift in Sources */,
				C139828F2AE5E2D900CE4ED1 /* BookDetailView.swift in Sources */,
				C13982742AE5418500CE4ED1 /* BookListApp.swift in Sources */,
				C13982952AE5E74E00CE4ED1 /* BookClient.swift in Sources */,
				C13982932AE5E3D000CE4ED1 /* Character.swift in Sources */,
			);
			runOnlyForDeploymentPostprocessing = 0;
		};
/* End PBXSourcesBuildPhase section */

/* Begin XCBuildConfiguration section */
		C139827C2AE5418700CE4ED1 /* Debug */ = {
			isa = XCBuildConfiguration;
			buildSettings = {
				ALWAYS_SEARCH_USER_PATHS = NO;
				ASSETCATALOG_COMPILER_GENERATE_SWIFT_ASSET_SYMBOL_EXTENSIONS = YES;
				CLANG_ANALYZER_NONNULL = YES;
				CLANG_ANALYZER_NUMBER_OBJECT_CONVERSION = YES_AGGRESSIVE;
				CLANG_CXX_LANGUAGE_STANDARD = "gnu++20";
				CLANG_ENABLE_MODULES = YES;
				CLANG_ENABLE_OBJC_ARC = YES;
				CLANG_ENABLE_OBJC_WEAK = YES;
				CLANG_WARN_BLOCK_CAPTURE_AUTORELEASING = YES;
				CLANG_WARN_BOOL_CONVERSION = YES;
				CLANG_WARN_COMMA = YES;
				CLANG_WARN_CONSTANT_CONVERSION = YES;
				CLANG_WARN_DEPRECATED_OBJC_IMPLEMENTATIONS = YES;
				CLANG_WARN_DIRECT_OBJC_ISA_USAGE = YES_ERROR;
				CLANG_WARN_DOCUMENTATION_COMMENTS = YES;
				CLANG_WARN_EMPTY_BODY = YES;
				CLANG_WARN_ENUM_CONVERSION = YES;
				CLANG_WARN_INFINITE_RECURSION = YES;
				CLANG_WARN_INT_CONVERSION = YES;
				CLANG_WARN_NON_LITERAL_NULL_CONVERSION = YES;
				CLANG_WARN_OBJC_IMPLICIT_RETAIN_SELF = YES;
				CLANG_WARN_OBJC_LITERAL_CONVERSION = YES;
				CLANG_WARN_OBJC_ROOT_CLASS = YES_ERROR;
				CLANG_WARN_QUOTED_INCLUDE_IN_FRAMEWORK_HEADER = YES;
				CLANG_WARN_RANGE_LOOP_ANALYSIS = YES;
				CLANG_WARN_STRICT_PROTOTYPES = YES;
				CLANG_WARN_SUSPICIOUS_MOVE = YES;
				CLANG_WARN_UNGUARDED_AVAILABILITY = YES_AGGRESSIVE;
				CLANG_WARN_UNREACHABLE_CODE = YES;
				CLANG_WARN__DUPLICATE_METHOD_MATCH = YES;
				COPY_PHASE_STRIP = NO;
				DEBUG_INFORMATION_FORMAT = dwarf;
				ENABLE_STRICT_OBJC_MSGSEND = YES;
				ENABLE_TESTABILITY = YES;
				ENABLE_USER_SCRIPT_SANDBOXING = YES;
				GCC_C_LANGUAGE_STANDARD = gnu17;
				GCC_DYNAMIC_NO_PIC = NO;
				GCC_NO_COMMON_BLOCKS = YES;
				GCC_OPTIMIZATION_LEVEL = 0;
				GCC_PREPROCESSOR_DEFINITIONS = (
					"DEBUG=1",
					"$(inherited)",
				);
				GCC_WARN_64_TO_32_BIT_CONVERSION = YES;
				GCC_WARN_ABOUT_RETURN_TYPE = YES_ERROR;
				GCC_WARN_UNDECLARED_SELECTOR = YES;
				GCC_WARN_UNINITIALIZED_AUTOS = YES_AGGRESSIVE;
				GCC_WARN_UNUSED_FUNCTION = YES;
				GCC_WARN_UNUSED_VARIABLE = YES;
				IPHONEOS_DEPLOYMENT_TARGET = 17.0;
				LOCALIZATION_PREFERS_STRING_CATALOGS = YES;
				MTL_ENABLE_DEBUG_INFO = INCLUDE_SOURCE;
				MTL_FAST_MATH = YES;
				ONLY_ACTIVE_ARCH = YES;
				SDKROOT = iphoneos;
				SWIFT_ACTIVE_COMPILATION_CONDITIONS = "DEBUG $(inherited)";
				SWIFT_OPTIMIZATION_LEVEL = "-Onone";
			};
			name = Debug;
		};
		C139827D2AE5418700CE4ED1 /* Release */ = {
			isa = XCBuildConfiguration;
			buildSettings = {
				ALWAYS_SEARCH_USER_PATHS = NO;
				ASSETCATALOG_COMPILER_GENERATE_SWIFT_ASSET_SYMBOL_EXTENSIONS = YES;
				CLANG_ANALYZER_NONNULL = YES;
				CLANG_ANALYZER_NUMBER_OBJECT_CONVERSION = YES_AGGRESSIVE;
				CLANG_CXX_LANGUAGE_STANDARD = "gnu++20";
				CLANG_ENABLE_MODULES = YES;
				CLANG_ENABLE_OBJC_ARC = YES;
				CLANG_ENABLE_OBJC_WEAK = YES;
				CLANG_WARN_BLOCK_CAPTURE_AUTORELEASING = YES;
				CLANG_WARN_BOOL_CONVERSION = YES;
				CLANG_WARN_COMMA = YES;
				CLANG_WARN_CONSTANT_CONVERSION = YES;
				CLANG_WARN_DEPRECATED_OBJC_IMPLEMENTATIONS = YES;
				CLANG_WARN_DIRECT_OBJC_ISA_USAGE = YES_ERROR;
				CLANG_WARN_DOCUMENTATION_COMMENTS = YES;
				CLANG_WARN_EMPTY_BODY = YES;
				CLANG_WARN_ENUM_CONVERSION = YES;
				CLANG_WARN_INFINITE_RECURSION = YES;
				CLANG_WARN_INT_CONVERSION = YES;
				CLANG_WARN_NON_LITERAL_NULL_CONVERSION = YES;
				CLANG_WARN_OBJC_IMPLICIT_RETAIN_SELF = YES;
				CLANG_WARN_OBJC_LITERAL_CONVERSION = YES;
				CLANG_WARN_OBJC_ROOT_CLASS = YES_ERROR;
				CLANG_WARN_QUOTED_INCLUDE_IN_FRAMEWORK_HEADER = YES;
				CLANG_WARN_RANGE_LOOP_ANALYSIS = YES;
				CLANG_WARN_STRICT_PROTOTYPES = YES;
				CLANG_WARN_SUSPICIOUS_MOVE = YES;
				CLANG_WARN_UNGUARDED_AVAILABILITY = YES_AGGRESSIVE;
				CLANG_WARN_UNREACHABLE_CODE = YES;
				CLANG_WARN__DUPLICATE_METHOD_MATCH = YES;
				COPY_PHASE_STRIP = NO;
				DEBUG_INFORMATION_FORMAT = "dwarf-with-dsym";
				ENABLE_NS_ASSERTIONS = NO;
				ENABLE_STRICT_OBJC_MSGSEND = YES;
				ENABLE_USER_SCRIPT_SANDBOXING = YES;
				GCC_C_LANGUAGE_STANDARD = gnu17;
				GCC_NO_COMMON_BLOCKS = YES;
				GCC_WARN_64_TO_32_BIT_CONVERSION = YES;
				GCC_WARN_ABOUT_RETURN_TYPE = YES_ERROR;
				GCC_WARN_UNDECLARED_SELECTOR = YES;
				GCC_WARN_UNINITIALIZED_AUTOS = YES_AGGRESSIVE;
				GCC_WARN_UNUSED_FUNCTION = YES;
				GCC_WARN_UNUSED_VARIABLE = YES;
				IPHONEOS_DEPLOYMENT_TARGET = 17.0;
				LOCALIZATION_PREFERS_STRING_CATALOGS = YES;
				MTL_ENABLE_DEBUG_INFO = NO;
				MTL_FAST_MATH = YES;
				SDKROOT = iphoneos;
				SWIFT_COMPILATION_MODE = wholemodule;
				VALIDATE_PRODUCT = YES;
			};
			name = Release;
		};
		C139827F2AE5418700CE4ED1 /* Debug */ = {
			isa = XCBuildConfiguration;
			buildSettings = {
				ASSETCATALOG_COMPILER_APPICON_NAME = AppIcon;
				ASSETCATALOG_COMPILER_GLOBAL_ACCENT_COLOR_NAME = AccentColor;
				CODE_SIGN_STYLE = Automatic;
				CURRENT_PROJECT_VERSION = 1;
				DEVELOPMENT_ASSET_PATHS = "\"BookListApp/Preview Content\"";
				DEVELOPMENT_TEAM = "";
				ENABLE_PREVIEWS = YES;
				GENERATE_INFOPLIST_FILE = YES;
				INFOPLIST_KEY_UIApplicationSceneManifest_Generation = YES;
				INFOPLIST_KEY_UIApplicationSupportsIndirectInputEvents = YES;
				INFOPLIST_KEY_UILaunchScreen_Generation = YES;
				INFOPLIST_KEY_UISupportedInterfaceOrientations_iPad = "UIInterfaceOrientationPortrait UIInterfaceOrientationPortraitUpsideDown UIInterfaceOrientationLandscapeLeft UIInterfaceOrientationLandscapeRight";
				INFOPLIST_KEY_UISupportedInterfaceOrientations_iPhone = "UIInterfaceOrientationPortrait UIInterfaceOrientationLandscapeLeft UIInterfaceOrientationLandscapeRight";
				LD_RUNPATH_SEARCH_PATHS = (
					"$(inherited)",
					"@executable_path/Frameworks",
				);
				MARKETING_VERSION = 1.0;
				PRODUCT_BUNDLE_IDENTIFIER = byumit.com.BookListApp;
				PRODUCT_NAME = "$(TARGET_NAME)";
				SWIFT_EMIT_LOC_STRINGS = YES;
				SWIFT_VERSION = 5.0;
				TARGETED_DEVICE_FAMILY = "1,2";
			};
			name = Debug;
		};
		C13982802AE5418700CE4ED1 /* Release */ = {
			isa = XCBuildConfiguration;
			buildSettings = {
				ASSETCATALOG_COMPILER_APPICON_NAME = AppIcon;
				ASSETCATALOG_COMPILER_GLOBAL_ACCENT_COLOR_NAME = AccentColor;
				CODE_SIGN_STYLE = Automatic;
				CURRENT_PROJECT_VERSION = 1;
				DEVELOPMENT_ASSET_PATHS = "\"BookListApp/Preview Content\"";
				DEVELOPMENT_TEAM = "";
				ENABLE_PREVIEWS = YES;
				GENERATE_INFOPLIST_FILE = YES;
				INFOPLIST_KEY_UIApplicationSceneManifest_Generation = YES;
				INFOPLIST_KEY_UIApplicationSupportsIndirectInputEvents = YES;
				INFOPLIST_KEY_UILaunchScreen_Generation = YES;
				INFOPLIST_KEY_UISupportedInterfaceOrientations_iPad = "UIInterfaceOrientationPortrait UIInterfaceOrientationPortraitUpsideDown UIInterfaceOrientationLandscapeLeft UIInterfaceOrientationLandscapeRight";
				INFOPLIST_KEY_UISupportedInterfaceOrientations_iPhone = "UIInterfaceOrientationPortrait UIInterfaceOrientationLandscapeLeft UIInterfaceOrientationLandscapeRight";
				LD_RUNPATH_SEARCH_PATHS = (
					"$(inherited)",
					"@executable_path/Frameworks",
				);
				MARKETING_VERSION = 1.0;
				PRODUCT_BUNDLE_IDENTIFIER = byumit.com.BookListApp;
				PRODUCT_NAME = "$(TARGET_NAME)";
				SWIFT_EMIT_LOC_STRINGS = YES;
				SWIFT_VERSION = 5.0;
				TARGETED_DEVICE_FAMILY = "1,2";
			};
			name = Release;
		};
/* End XCBuildConfiguration section */

/* Begin XCConfigurationList section */
		C139826B2AE5418500CE4ED1 /* Build configuration list for PBXProject "BookListApp" */ = {
			isa = XCConfigurationList;
			buildConfigurations = (
				C139827C2AE5418700CE4ED1 /* Debug */,
				C139827D2AE5418700CE4ED1 /* Release */,
			);
			defaultConfigurationIsVisible = 0;
			defaultConfigurationName = Release;
		};
		C139827E2AE5418700CE4ED1 /* Build configuration list for PBXNativeTarget "BookListApp" */ = {
			isa = XCConfigurationList;
			buildConfigurations = (
				C139827F2AE5418700CE4ED1 /* Debug */,
				C13982802AE5418700CE4ED1 /* Release */,
			);
			defaultConfigurationIsVisible = 0;
			defaultConfigurationName = Release;
		};
/* End XCConfigurationList section */

/* Begin XCRemoteSwiftPackageReference section */
		C13982862AE544F800CE4ED1 /* XCRemoteSwiftPackageReference "swift-composable-architecture" */ = {
			isa = XCRemoteSwiftPackageReference;
			repositoryURL = "https://github.com/pointfreeco/swift-composable-architecture";
			requirement = {
				kind = upToNextMajorVersion;
				minimumVersion = 1.2.0;
			};
		};
/* End XCRemoteSwiftPackageReference section */

/* Begin XCSwiftPackageProductDependency section */
		C13982872AE544F800CE4ED1 /* ComposableArchitecture */ = {
			isa = XCSwiftPackageProductDependency;
			package = C13982862AE544F800CE4ED1 /* XCRemoteSwiftPackageReference "swift-composable-architecture" */;
			productName = ComposableArchitecture;
		};
/* End XCSwiftPackageProductDependency section */
	};
	rootObject = C13982682AE5418500CE4ED1 /* Project object */;
}
